# This file is automatically @generated by Poetry 1.8.3 and should not be changed by hand.

[[package]]
name = "appdirs"
version = "1.4.4"
description = "A small Python module for determining appropriate platform-specific dirs, e.g. a \"user data dir\"."
optional = false
python-versions = "*"
files = [
    {file = "appdirs-1.4.4-py2.py3-none-any.whl", hash = "sha256:a841dacd6b99318a741b166adb07e19ee71a274450e68237b4650ca1055ab128"},
    {file = "appdirs-1.4.4.tar.gz", hash = "sha256:7d5d0167b2b1ba821647616af46a749d1c653740dd0d2415100fe26e27afdf41"},
]

[[package]]
name = "click"
version = "8.1.7"
description = "Composable command line interface toolkit"
optional = false
python-versions = ">=3.7"
files = [
    {file = "click-8.1.7-py3-none-any.whl", hash = "sha256:ae74fb96c20a0277a1d615f1e4d73c8414f5a98db8b799a7931d1582f3390c28"},
    {file = "click-8.1.7.tar.gz", hash = "sha256:ca9853ad459e787e2192211578cc907e7594e294c7ccc834310722b41b9ca6de"},
]

[package.dependencies]
colorama = {version = "*", markers = "platform_system == \"Windows\""}

[[package]]
name = "colorama"
version = "0.4.6"
description = "Cross-platform colored terminal text."
optional = false
python-versions = "!=3.0.*,!=3.1.*,!=3.2.*,!=3.3.*,!=3.4.*,!=3.5.*,!=3.6.*,>=2.7"
files = [
    {file = "colorama-0.4.6-py2.py3-none-any.whl", hash = "sha256:4f1d9991f5acc0ca119f9d443620b77f9d6b33703e51011c16baf57afb285fc6"},
    {file = "colorama-0.4.6.tar.gz", hash = "sha256:08695f5cb7ed6e0531a20572697297273c47b8cae5a63ffc6d6ed5c201be6e44"},
]

[[package]]
name = "iniconfig"
version = "2.0.0"
description = "brain-dead simple config-ini parsing"
optional = false
python-versions = ">=3.7"
files = [
    {file = "iniconfig-2.0.0-py3-none-any.whl", hash = "sha256:b6a85871a79d2e3b22d2d1b94ac2824226a63c6b741c88f7ae975f18b6778374"},
    {file = "iniconfig-2.0.0.tar.gz", hash = "sha256:2d91e135bf72d31a410b17c16da610a82cb55f6b0477d1a902134b24a455b8b3"},
]

[[package]]
name = "inquirerpy"
version = "0.3.4"
description = "Python port of Inquirer.js (A collection of common interactive command-line user interfaces)"
optional = false
python-versions = ">=3.7,<4.0"
files = [
    {file = "InquirerPy-0.3.4-py3-none-any.whl", hash = "sha256:c65fdfbac1fa00e3ee4fb10679f4d3ed7a012abf4833910e63c295827fe2a7d4"},
    {file = "InquirerPy-0.3.4.tar.gz", hash = "sha256:89d2ada0111f337483cb41ae31073108b2ec1e618a49d7110b0d7ade89fc197e"},
]

[package.dependencies]
pfzy = ">=0.3.1,<0.4.0"
prompt-toolkit = ">=3.0.1,<4.0.0"

[package.extras]
docs = ["Sphinx (>=4.1.2,<5.0.0)", "furo (>=2021.8.17-beta.43,<2022.0.0)", "myst-parser (>=0.15.1,<0.16.0)", "sphinx-autobuild (>=2021.3.14,<2022.0.0)", "sphinx-copybutton (>=0.4.0,<0.5.0)"]

[[package]]
name = "markdown-it-py"
version = "3.0.0"
description = "Python port of markdown-it. Markdown parsing, done right!"
optional = false
python-versions = ">=3.8"
files = [
    {file = "markdown-it-py-3.0.0.tar.gz", hash = "sha256:e3f60a94fa066dc52ec76661e37c851cb232d92f9886b15cb560aaada2df8feb"},
    {file = "markdown_it_py-3.0.0-py3-none-any.whl", hash = "sha256:355216845c60bd96232cd8d8c40e8f9765cc86f46880e43a8fd22dc1a1a8cab1"},
]

[package.dependencies]
mdurl = ">=0.1,<1.0"

[package.extras]
benchmarking = ["psutil", "pytest", "pytest-benchmark"]
code-style = ["pre-commit (>=3.0,<4.0)"]
compare = ["commonmark (>=0.9,<1.0)", "markdown (>=3.4,<4.0)", "mistletoe (>=1.0,<2.0)", "mistune (>=2.0,<3.0)", "panflute (>=2.3,<3.0)"]
linkify = ["linkify-it-py (>=1,<3)"]
plugins = ["mdit-py-plugins"]
profiling = ["gprof2dot"]
rtd = ["jupyter_sphinx", "mdit-py-plugins", "myst-parser", "pyyaml", "sphinx", "sphinx-copybutton", "sphinx-design", "sphinx_book_theme"]
testing = ["coverage", "pytest", "pytest-cov", "pytest-regressions"]

[[package]]
name = "mdurl"
version = "0.1.2"
description = "Markdown URL utilities"
optional = false
python-versions = ">=3.7"
files = [
    {file = "mdurl-0.1.2-py3-none-any.whl", hash = "sha256:84008a41e51615a49fc9966191ff91509e3c40b939176e643fd50a5c2196b8f8"},
    {file = "mdurl-0.1.2.tar.gz", hash = "sha256:bb413d29f5eea38f31dd4754dd7377d4465116fb207585f97bf925588687c1ba"},
]

[[package]]
name = "numpy"
version = "2.1.2"
description = "Fundamental package for array computing in Python"
optional = false
python-versions = ">=3.10"
files = [
    {file = "numpy-2.1.2-cp310-cp310-macosx_10_9_x86_64.whl", hash = "sha256:30d53720b726ec36a7f88dc873f0eec8447fbc93d93a8f079dfac2629598d6ee"},
    {file = "numpy-2.1.2-cp310-cp310-macosx_11_0_arm64.whl", hash = "sha256:e8d3ca0a72dd8846eb6f7dfe8f19088060fcb76931ed592d29128e0219652884"},
    {file = "numpy-2.1.2-cp310-cp310-macosx_14_0_arm64.whl", hash = "sha256:fc44e3c68ff00fd991b59092a54350e6e4911152682b4782f68070985aa9e648"},
    {file = "numpy-2.1.2-cp310-cp310-macosx_14_0_x86_64.whl", hash = "sha256:7c1c60328bd964b53f8b835df69ae8198659e2b9302ff9ebb7de4e5a5994db3d"},
    {file = "numpy-2.1.2-cp310-cp310-manylinux_2_17_aarch64.manylinux2014_aarch64.whl", hash = "sha256:6cdb606a7478f9ad91c6283e238544451e3a95f30fb5467fbf715964341a8a86"},
    {file = "numpy-2.1.2-cp310-cp310-manylinux_2_17_x86_64.manylinux2014_x86_64.whl", hash = "sha256:d666cb72687559689e9906197e3bec7b736764df6a2e58ee265e360663e9baf7"},
    {file = "numpy-2.1.2-cp310-cp310-musllinux_1_1_x86_64.whl", hash = "sha256:c6eef7a2dbd0abfb0d9eaf78b73017dbfd0b54051102ff4e6a7b2980d5ac1a03"},
    {file = "numpy-2.1.2-cp310-cp310-musllinux_1_2_aarch64.whl", hash = "sha256:12edb90831ff481f7ef5f6bc6431a9d74dc0e5ff401559a71e5e4611d4f2d466"},
    {file = "numpy-2.1.2-cp310-cp310-win32.whl", hash = "sha256:a65acfdb9c6ebb8368490dbafe83c03c7e277b37e6857f0caeadbbc56e12f4fb"},
    {file = "numpy-2.1.2-cp310-cp310-win_amd64.whl", hash = "sha256:860ec6e63e2c5c2ee5e9121808145c7bf86c96cca9ad396c0bd3e0f2798ccbe2"},
    {file = "numpy-2.1.2-cp311-cp311-macosx_10_9_x86_64.whl", hash = "sha256:b42a1a511c81cc78cbc4539675713bbcf9d9c3913386243ceff0e9429ca892fe"},
    {file = "numpy-2.1.2-cp311-cp311-macosx_11_0_arm64.whl", hash = "sha256:faa88bc527d0f097abdc2c663cddf37c05a1c2f113716601555249805cf573f1"},
    {file = "numpy-2.1.2-cp311-cp311-macosx_14_0_arm64.whl", hash = "sha256:c82af4b2ddd2ee72d1fc0c6695048d457e00b3582ccde72d8a1c991b808bb20f"},
    {file = "numpy-2.1.2-cp311-cp311-macosx_14_0_x86_64.whl", hash = "sha256:13602b3174432a35b16c4cfb5de9a12d229727c3dd47a6ce35111f2ebdf66ff4"},
    {file = "numpy-2.1.2-cp311-cp311-manylinux_2_17_aarch64.manylinux2014_aarch64.whl", hash = "sha256:1ebec5fd716c5a5b3d8dfcc439be82a8407b7b24b230d0ad28a81b61c2f4659a"},
    {file = "numpy-2.1.2-cp311-cp311-manylinux_2_17_x86_64.manylinux2014_x86_64.whl", hash = "sha256:e2b49c3c0804e8ecb05d59af8386ec2f74877f7ca8fd9c1e00be2672e4d399b1"},
    {file = "numpy-2.1.2-cp311-cp311-musllinux_1_1_x86_64.whl", hash = "sha256:2cbba4b30bf31ddbe97f1c7205ef976909a93a66bb1583e983adbd155ba72ac2"},
    {file = "numpy-2.1.2-cp311-cp311-musllinux_1_2_aarch64.whl", hash = "sha256:8e00ea6fc82e8a804433d3e9cedaa1051a1422cb6e443011590c14d2dea59146"},
    {file = "numpy-2.1.2-cp311-cp311-win32.whl", hash = "sha256:5006b13a06e0b38d561fab5ccc37581f23c9511879be7693bd33c7cd15ca227c"},
    {file = "numpy-2.1.2-cp311-cp311-win_amd64.whl", hash = "sha256:f1eb068ead09f4994dec71c24b2844f1e4e4e013b9629f812f292f04bd1510d9"},
    {file = "numpy-2.1.2-cp312-cp312-macosx_10_13_x86_64.whl", hash = "sha256:d7bf0a4f9f15b32b5ba53147369e94296f5fffb783db5aacc1be15b4bf72f43b"},
    {file = "numpy-2.1.2-cp312-cp312-macosx_11_0_arm64.whl", hash = "sha256:b1d0fcae4f0949f215d4632be684a539859b295e2d0cb14f78ec231915d644db"},
    {file = "numpy-2.1.2-cp312-cp312-macosx_14_0_arm64.whl", hash = "sha256:f751ed0a2f250541e19dfca9f1eafa31a392c71c832b6bb9e113b10d050cb0f1"},
    {file = "numpy-2.1.2-cp312-cp312-macosx_14_0_x86_64.whl", hash = "sha256:bd33f82e95ba7ad632bc57837ee99dba3d7e006536200c4e9124089e1bf42426"},
    {file = "numpy-2.1.2-cp312-cp312-manylinux_2_17_aarch64.manylinux2014_aarch64.whl", hash = "sha256:1b8cde4f11f0a975d1fd59373b32e2f5a562ade7cde4f85b7137f3de8fbb29a0"},
    {file = "numpy-2.1.2-cp312-cp312-manylinux_2_17_x86_64.manylinux2014_x86_64.whl", hash = "sha256:6d95f286b8244b3649b477ac066c6906fbb2905f8ac19b170e2175d3d799f4df"},
    {file = "numpy-2.1.2-cp312-cp312-musllinux_1_1_x86_64.whl", hash = "sha256:ab4754d432e3ac42d33a269c8567413bdb541689b02d93788af4131018cbf366"},
    {file = "numpy-2.1.2-cp312-cp312-musllinux_1_2_aarch64.whl", hash = "sha256:e585c8ae871fd38ac50598f4763d73ec5497b0de9a0ab4ef5b69f01c6a046142"},
    {file = "numpy-2.1.2-cp312-cp312-win32.whl", hash = "sha256:9c6c754df29ce6a89ed23afb25550d1c2d5fdb9901d9c67a16e0b16eaf7e2550"},
    {file = "numpy-2.1.2-cp312-cp312-win_amd64.whl", hash = "sha256:456e3b11cb79ac9946c822a56346ec80275eaf2950314b249b512896c0d2505e"},
    {file = "numpy-2.1.2-cp313-cp313-macosx_10_13_x86_64.whl", hash = "sha256:a84498e0d0a1174f2b3ed769b67b656aa5460c92c9554039e11f20a05650f00d"},
    {file = "numpy-2.1.2-cp313-cp313-macosx_11_0_arm64.whl", hash = "sha256:4d6ec0d4222e8ffdab1744da2560f07856421b367928026fb540e1945f2eeeaf"},
    {file = "numpy-2.1.2-cp313-cp313-macosx_14_0_arm64.whl", hash = "sha256:259ec80d54999cc34cd1eb8ded513cb053c3bf4829152a2e00de2371bd406f5e"},
    {file = "numpy-2.1.2-cp313-cp313-macosx_14_0_x86_64.whl", hash = "sha256:675c741d4739af2dc20cd6c6a5c4b7355c728167845e3c6b0e824e4e5d36a6c3"},
    {file = "numpy-2.1.2-cp313-cp313-manylinux_2_17_aarch64.manylinux2014_aarch64.whl", hash = "sha256:05b2d4e667895cc55e3ff2b56077e4c8a5604361fc21a042845ea3ad67465aa8"},
    {file = "numpy-2.1.2-cp313-cp313-manylinux_2_17_x86_64.manylinux2014_x86_64.whl", hash = "sha256:43cca367bf94a14aca50b89e9bc2061683116cfe864e56740e083392f533ce7a"},
    {file = "numpy-2.1.2-cp313-cp313-musllinux_1_1_x86_64.whl", hash = "sha256:76322dcdb16fccf2ac56f99048af32259dcc488d9b7e25b51e5eca5147a3fb98"},
    {file = "numpy-2.1.2-cp313-cp313-musllinux_1_2_aarch64.whl", hash = "sha256:32e16a03138cabe0cb28e1007ee82264296ac0983714094380b408097a418cfe"},
    {file = "numpy-2.1.2-cp313-cp313-win32.whl", hash = "sha256:242b39d00e4944431a3cd2db2f5377e15b5785920421993770cddb89992c3f3a"},
    {file = "numpy-2.1.2-cp313-cp313-win_amd64.whl", hash = "sha256:f2ded8d9b6f68cc26f8425eda5d3877b47343e68ca23d0d0846f4d312ecaa445"},
    {file = "numpy-2.1.2-cp313-cp313t-macosx_10_13_x86_64.whl", hash = "sha256:2ffef621c14ebb0188a8633348504a35c13680d6da93ab5cb86f4e54b7e922b5"},
    {file = "numpy-2.1.2-cp313-cp313t-macosx_11_0_arm64.whl", hash = "sha256:ad369ed238b1959dfbade9018a740fb9392c5ac4f9b5173f420bd4f37ba1f7a0"},
    {file = "numpy-2.1.2-cp313-cp313t-macosx_14_0_arm64.whl", hash = "sha256:d82075752f40c0ddf57e6e02673a17f6cb0f8eb3f587f63ca1eaab5594da5b17"},
    {file = "numpy-2.1.2-cp313-cp313t-macosx_14_0_x86_64.whl", hash = "sha256:1600068c262af1ca9580a527d43dc9d959b0b1d8e56f8a05d830eea39b7c8af6"},
    {file = "numpy-2.1.2-cp313-cp313t-manylinux_2_17_aarch64.manylinux2014_aarch64.whl", hash = "sha256:a26ae94658d3ba3781d5e103ac07a876b3e9b29db53f68ed7df432fd033358a8"},
    {file = "numpy-2.1.2-cp313-cp313t-manylinux_2_17_x86_64.manylinux2014_x86_64.whl", hash = "sha256:13311c2db4c5f7609b462bc0f43d3c465424d25c626d95040f073e30f7570e35"},
    {file = "numpy-2.1.2-cp313-cp313t-musllinux_1_1_x86_64.whl", hash = "sha256:2abbf905a0b568706391ec6fa15161fad0fb5d8b68d73c461b3c1bab6064dd62"},
    {file = "numpy-2.1.2-cp313-cp313t-musllinux_1_2_aarch64.whl", hash = "sha256:ef444c57d664d35cac4e18c298c47d7b504c66b17c2ea91312e979fcfbdfb08a"},
    {file = "numpy-2.1.2-pp310-pypy310_pp73-macosx_10_15_x86_64.whl", hash = "sha256:bdd407c40483463898b84490770199d5714dcc9dd9b792f6c6caccc523c00952"},
    {file = "numpy-2.1.2-pp310-pypy310_pp73-macosx_14_0_x86_64.whl", hash = "sha256:da65fb46d4cbb75cb417cddf6ba5e7582eb7bb0b47db4b99c9fe5787ce5d91f5"},
    {file = "numpy-2.1.2-pp310-pypy310_pp73-manylinux_2_17_x86_64.manylinux2014_x86_64.whl", hash = "sha256:1c193d0b0238638e6fc5f10f1b074a6993cb13b0b431f64079a509d63d3aa8b7"},
    {file = "numpy-2.1.2-pp310-pypy310_pp73-win_amd64.whl", hash = "sha256:a7d80b2e904faa63068ead63107189164ca443b42dd1930299e0d1cb041cec2e"},
    {file = "numpy-2.1.2.tar.gz", hash = "sha256:13532a088217fa624c99b843eeb54640de23b3414b14aa66d023805eb731066c"},
]

[[package]]
name = "packaging"
version = "24.1"
description = "Core utilities for Python packages"
optional = false
python-versions = ">=3.8"
files = [
    {file = "packaging-24.1-py3-none-any.whl", hash = "sha256:5b8f2217dbdbd2f7f384c41c628544e6d52f2d0f53c6d0c3ea61aa5d1d7ff124"},
    {file = "packaging-24.1.tar.gz", hash = "sha256:026ed72c8ed3fcce5bf8950572258698927fd1dbda10a5e981cdf0ac37f4f002"},
]

[[package]]
name = "pavaudio"
version = "0.0.1"
description = ""
optional = true
python-versions = "^3.12"
files = []
develop = false

[package.dependencies]
pydub = "^0.25.1"
typer = "^0.12.5"

[package.source]
type = "git"
url = "https://github.com/pavtools/pavaudio"
reference = "HEAD"
resolved_reference = "a624a689e4fc3d5442eda493b023020ab1ff4c70"

[[package]]
name = "pedalboard"
version = "0.9.16"
description = "A Python library for adding effects to audio."
optional = false
python-versions = "*"
files = [
    {file = "pedalboard-0.9.16-cp310-cp310-macosx_10_14_x86_64.whl", hash = "sha256:9d68f2a0816f4b611ef9e6fd2d216c0f89840c7aa855efdb499b63b5e8014009"},
    {file = "pedalboard-0.9.16-cp310-cp310-macosx_11_0_arm64.whl", hash = "sha256:2ac0f9c57a89c2e437a41288cd5da42d65d737457848fd95adfba7c97bb99914"},
    {file = "pedalboard-0.9.16-cp310-cp310-manylinux_2_17_aarch64.manylinux2014_aarch64.whl", hash = "sha256:89270613982174fb0ce6d10e6f251d78ef15aa21438c22753db87d974d5e2b27"},
    {file = "pedalboard-0.9.16-cp310-cp310-manylinux_2_17_x86_64.manylinux2014_x86_64.whl", hash = "sha256:5712fe0f07eb0a0955681b867c2aff7f57e3d4d8dbf05a3d6f1eb0404cb0e679"},
    {file = "pedalboard-0.9.16-cp310-cp310-musllinux_1_1_aarch64.whl", hash = "sha256:b040271cc9eadaa14f0a0afdc2393e8b11fe1ed6967de0ed2957b3dc0b2d1431"},
    {file = "pedalboard-0.9.16-cp310-cp310-musllinux_1_1_x86_64.whl", hash = "sha256:29ba6f8d785060f4c2e9e659d3ab45559c1ce222b468dc1676f6345dcc17b6df"},
    {file = "pedalboard-0.9.16-cp310-cp310-win_amd64.whl", hash = "sha256:6f82a4941e9ad72a0c672994fa45453521eedf05081367b77c0a09cdabc25b9c"},
    {file = "pedalboard-0.9.16-cp311-cp311-macosx_10_14_x86_64.whl", hash = "sha256:57f1a78e9d253263360d8de1d6bc24d37f827511fae63035a4d5b0477a891401"},
    {file = "pedalboard-0.9.16-cp311-cp311-macosx_11_0_arm64.whl", hash = "sha256:c90e80f3b8a6397b4918aabf4635053b8c62d55414038defa9906c378443f2f0"},
    {file = "pedalboard-0.9.16-cp311-cp311-manylinux_2_17_aarch64.manylinux2014_aarch64.whl", hash = "sha256:8873a52e06b41336f06f93306bb113545485bbf3759f30d5f6bf887c5056902d"},
    {file = "pedalboard-0.9.16-cp311-cp311-manylinux_2_17_x86_64.manylinux2014_x86_64.whl", hash = "sha256:e870cac507fdae73fa0bfbe6d1d5de380228862d4eba9164d1615e9bccaf6d04"},
    {file = "pedalboard-0.9.16-cp311-cp311-win_amd64.whl", hash = "sha256:abdb338b9231c509e0ed900507f128a65a79a272c3c284fa3912c53751a4f3c3"},
    {file = "pedalboard-0.9.16-cp312-cp312-macosx_10_14_universal2.whl", hash = "sha256:0f352356fdb8e6246a0577a62ce003781c2a5fa9ba0f6b09cf344e5a51142288"},
    {file = "pedalboard-0.9.16-cp312-cp312-macosx_10_14_x86_64.whl", hash = "sha256:4b92ab1c940d27dcd520cd376a61aa99d442edd27b6787ee6193ad7f8bd799e5"},
    {file = "pedalboard-0.9.16-cp312-cp312-macosx_11_0_arm64.whl", hash = "sha256:2b6161453ac8f8f28f67b49eeaf58f41448f61b54a73e151c0a59626ab574d08"},
    {file = "pedalboard-0.9.16-cp312-cp312-manylinux_2_17_aarch64.manylinux2014_aarch64.whl", hash = "sha256:7e32ad20a3ffc13324cbf17a1c3fae9c08a391edabcfa371d2ad0ed08bedfffb"},
    {file = "pedalboard-0.9.16-cp312-cp312-manylinux_2_17_x86_64.manylinux2014_x86_64.whl", hash = "sha256:eac5dd6627bbd8c239c916bffbb7c5d9588d99867591d2e43ab6efd79f75ccbc"},
    {file = "pedalboard-0.9.16-cp312-cp312-musllinux_1_1_aarch64.whl", hash = "sha256:3a523fba1756d1bed0f5e3ae9816d70ffa971457f67adf4efd03cca0310a879a"},
    {file = "pedalboard-0.9.16-cp312-cp312-musllinux_1_1_x86_64.whl", hash = "sha256:dece4acbc8d43f6a0b44c4af48fdeb90c181890babe88c77cfcee726fbb73865"},
    {file = "pedalboard-0.9.16-cp312-cp312-win32.whl", hash = "sha256:3d2a815c0fd045a252fdfa57baa9bf35e7dff5e1ddcda8bf1a9ae59b53d3e798"},
    {file = "pedalboard-0.9.16-cp312-cp312-win_amd64.whl", hash = "sha256:6baf122b22403e5bff2477f37e17e457ad7db1621948debf558f8b2cfe64f39e"},
    {file = "pedalboard-0.9.16-cp313-cp313-macosx_10_14_x86_64.whl", hash = "sha256:b84fe32ab13b50076e21d1e79bbef7c00f43bb3623c84d7ced1022b0d9ed55ca"},
    {file = "pedalboard-0.9.16-cp313-cp313-macosx_11_0_arm64.whl", hash = "sha256:031e6833c5983c3fe0a96bc4ff04790663a9e95a01c402828bd5a4eff4b8b541"},
    {file = "pedalboard-0.9.16-cp313-cp313-manylinux_2_17_aarch64.manylinux2014_aarch64.whl", hash = "sha256:4be376b2727341cac2540e9f0f3b1d0bb2449ceed7f92399bcfabae052ae7a1a"},
    {file = "pedalboard-0.9.16-cp313-cp313-manylinux_2_17_x86_64.manylinux2014_x86_64.whl", hash = "sha256:0e46117dc1b62af13bdd4a7ac53b6d92b3a001f2c68ce89bacced9bfcaafe295"},
    {file = "pedalboard-0.9.16-cp313-cp313-win_amd64.whl", hash = "sha256:1eea9fb96672014a663fa7309133c6506ebdd28d84249a7708eae18c0cabb35c"},
    {file = "pedalboard-0.9.16-cp313-cp313t-macosx_10_14_x86_64.whl", hash = "sha256:8ffadf7de250d4ccc45929f88b49979d9243077b910fb352eb3cc7231f240d8e"},
    {file = "pedalboard-0.9.16-cp313-cp313t-macosx_11_0_arm64.whl", hash = "sha256:a260d2c5bc79f90340e5eef985919da92188dea9b493b4756d622f6e7e151028"},
    {file = "pedalboard-0.9.16-cp313-cp313t-manylinux_2_17_aarch64.manylinux2014_aarch64.whl", hash = "sha256:8abf69fe280c0c834750072692d5ebb3b4ba7ef49d50b369946d4743a723bb49"},
    {file = "pedalboard-0.9.16-cp313-cp313t-manylinux_2_17_x86_64.manylinux2014_x86_64.whl", hash = "sha256:03e73da46d6678a8adbd1ebc70bf38e4316918e44514eb9b1d7989bfb43cb30c"},
    {file = "pedalboard-0.9.16-cp39-cp39-macosx_10_14_x86_64.whl", hash = "sha256:16b2610ad1923e0f49d1e6923c2b740c8da9a2db2c5315f56e857b7a862f1fdd"},
    {file = "pedalboard-0.9.16-cp39-cp39-macosx_11_0_arm64.whl", hash = "sha256:c47265698416d6e1042c21eaf027eb643f2e4f83421383f7ab783f7fb9320bd4"},
    {file = "pedalboard-0.9.16-cp39-cp39-manylinux_2_17_aarch64.manylinux2014_aarch64.whl", hash = "sha256:822f3184dd09f07c29b7b0d4281fa834d9a94ed8aa86037c0c739e8907132f9f"},
    {file = "pedalboard-0.9.16-cp39-cp39-manylinux_2_17_x86_64.manylinux2014_x86_64.whl", hash = "sha256:8635d57f72be0f2eb8ca523dacec5bd13736ccffe5f70109c586a6b750fdeb33"},
    {file = "pedalboard-0.9.16-cp39-cp39-win_amd64.whl", hash = "sha256:d46f917322065fe780778c416e016ab79e6a3d8ba75df9a71ae368142aba3443"},
]

[package.dependencies]
numpy = "*"

[[package]]
name = "pfzy"
version = "0.3.4"
description = "Python port of the fzy fuzzy string matching algorithm"
optional = false
python-versions = ">=3.7,<4.0"
files = [
    {file = "pfzy-0.3.4-py3-none-any.whl", hash = "sha256:5f50d5b2b3207fa72e7ec0ef08372ef652685470974a107d0d4999fc5a903a96"},
    {file = "pfzy-0.3.4.tar.gz", hash = "sha256:717ea765dd10b63618e7298b2d98efd819e0b30cd5905c9707223dceeb94b3f1"},
]

[package.extras]
docs = ["Sphinx (>=4.1.2,<5.0.0)", "furo (>=2021.8.17-beta.43,<2022.0.0)", "myst-parser (>=0.15.1,<0.16.0)", "sphinx-autobuild (>=2021.3.14,<2022.0.0)", "sphinx-copybutton (>=0.4.0,<0.5.0)"]

[[package]]
name = "pluggy"
version = "1.5.0"
description = "plugin and hook calling mechanisms for python"
optional = false
python-versions = ">=3.8"
files = [
    {file = "pluggy-1.5.0-py3-none-any.whl", hash = "sha256:44e1ad92c8ca002de6377e165f3e0f1be63266ab4d554740532335b9d75ea669"},
    {file = "pluggy-1.5.0.tar.gz", hash = "sha256:2cffa88e94fdc978c4c574f15f9e59b7f4201d439195c3715ca9e2486f1d0cf1"},
]

[package.extras]
dev = ["pre-commit", "tox"]
testing = ["pytest", "pytest-benchmark"]

[[package]]
name = "prompt-toolkit"
version = "3.0.48"
description = "Library for building powerful interactive command lines in Python"
optional = false
python-versions = ">=3.7.0"
files = [
    {file = "prompt_toolkit-3.0.48-py3-none-any.whl", hash = "sha256:f49a827f90062e411f1ce1f854f2aedb3c23353244f8108b89283587397ac10e"},
    {file = "prompt_toolkit-3.0.48.tar.gz", hash = "sha256:d6623ab0477a80df74e646bdbc93621143f5caf104206aa29294d53de1a03d90"},
]

[package.dependencies]
wcwidth = "*"

[[package]]
name = "pydub"
version = "0.25.1"
description = "Manipulate audio with an simple and easy high level interface"
optional = true
python-versions = "*"
files = [
    {file = "pydub-0.25.1-py2.py3-none-any.whl", hash = "sha256:65617e33033874b59d87db603aa1ed450633288aefead953b30bded59cb599a6"},
    {file = "pydub-0.25.1.tar.gz", hash = "sha256:980a33ce9949cab2a569606b65674d748ecbca4f0796887fd6f46173a7b0d30f"},
]

[[package]]
name = "pygments"
version = "2.18.0"
description = "Pygments is a syntax highlighting package written in Python."
optional = false
python-versions = ">=3.8"
files = [
    {file = "pygments-2.18.0-py3-none-any.whl", hash = "sha256:b8e6aca0523f3ab76fee51799c488e38782ac06eafcf95e7ba832985c8e7b13a"},
    {file = "pygments-2.18.0.tar.gz", hash = "sha256:786ff802f32e91311bff3889f6e9a86e81505fe99f2735bb6d60ae0c5004f199"},
]

[package.extras]
windows-terminal = ["colorama (>=0.4.6)"]

[[package]]
name = "pytest"
version = "8.3.3"
description = "pytest: simple powerful testing with Python"
optional = false
python-versions = ">=3.8"
files = [
    {file = "pytest-8.3.3-py3-none-any.whl", hash = "sha256:a6853c7375b2663155079443d2e45de913a911a11d669df02a50814944db57b2"},
    {file = "pytest-8.3.3.tar.gz", hash = "sha256:70b98107bd648308a7952b06e6ca9a50bc660be218d53c257cc1fc94fda10181"},
]

[package.dependencies]
colorama = {version = "*", markers = "sys_platform == \"win32\""}
iniconfig = "*"
packaging = "*"
pluggy = ">=1.5,<2"

[package.extras]
dev = ["argcomplete", "attrs (>=19.2)", "hypothesis (>=3.56)", "mock", "pygments (>=2.7.2)", "requests", "setuptools", "xmlschema"]

[[package]]
name = "rich"
version = "13.9.2"
description = "Render rich text, tables, progress bars, syntax highlighting, markdown and more to the terminal"
optional = false
python-versions = ">=3.8.0"
files = [
    {file = "rich-13.9.2-py3-none-any.whl", hash = "sha256:8c82a3d3f8dcfe9e734771313e606b39d8247bb6b826e196f4914b333b743cf1"},
    {file = "rich-13.9.2.tar.gz", hash = "sha256:51a2c62057461aaf7152b4d611168f93a9fc73068f8ded2790f29fe2b5366d0c"},
]

[package.dependencies]
markdown-it-py = ">=2.2.0"
pygments = ">=2.13.0,<3.0.0"

[package.extras]
jupyter = ["ipywidgets (>=7.5.1,<9)"]

[[package]]
name = "shellingham"
version = "1.5.4"
description = "Tool to Detect Surrounding Shell"
optional = false
python-versions = ">=3.7"
files = [
    {file = "shellingham-1.5.4-py2.py3-none-any.whl", hash = "sha256:7ecfff8f2fd72616f7481040475a65b2bf8af90a56c89140852d1120324e8686"},
    {file = "shellingham-1.5.4.tar.gz", hash = "sha256:8dbca0739d487e5bd35ab3ca4b36e11c4078f3a234bfce294b0a0291363404de"},
]

[[package]]
name = "typer"
version = "0.12.5"
description = "Typer, build great CLIs. Easy to code. Based on Python type hints."
optional = false
python-versions = ">=3.7"
files = [
    {file = "typer-0.12.5-py3-none-any.whl", hash = "sha256:62fe4e471711b147e3365034133904df3e235698399bc4de2b36c8579298d52b"},
    {file = "typer-0.12.5.tar.gz", hash = "sha256:f592f089bedcc8ec1b974125d64851029c3b1af145f04aca64d69410f0c9b722"},
]

[package.dependencies]
click = ">=8.0.0"
rich = ">=10.11.0"
shellingham = ">=1.3.0"
typing-extensions = ">=3.7.4.3"

[[package]]
name = "typing-extensions"
version = "4.12.2"
description = "Backported and Experimental Type Hints for Python 3.8+"
optional = false
python-versions = ">=3.8"
files = [
    {file = "typing_extensions-4.12.2-py3-none-any.whl", hash = "sha256:04e5ca0351e0f3f85c6853954072df659d0d13fac324d0072316b67d7794700d"},
    {file = "typing_extensions-4.12.2.tar.gz", hash = "sha256:1a7ead55c7e559dd4dee8856e3a88b41225abfe1ce8df57b7c13915fe121ffb8"},
]

[[package]]
name = "wcwidth"
version = "0.2.13"
description = "Measures the displayed width of unicode strings in a terminal"
optional = false
python-versions = "*"
files = [
    {file = "wcwidth-0.2.13-py2.py3-none-any.whl", hash = "sha256:3da69048e4540d84af32131829ff948f1e022c1c6bdb8d6102117aac784f6859"},
    {file = "wcwidth-0.2.13.tar.gz", hash = "sha256:72ea0c06399eb286d978fdedb6923a9eb47e1c486ce63e9b4e64fc18303972b5"},
]

[extras]
audio = ["pavaudio"]

[metadata]
lock-version = "2.0"
python-versions = "^3.12"
content-hash = "7abeb987fb275f45a852717ce9224ec36693a472246a2ec75636515b61b4df80"
